Microsoft Visual Studio Solution File, Format Version 12.00
# Visual Studio 15
VisualStudioVersion = 15.0.27004.2005
MinimumVisualStudioVersion = 10.0.40219.1
Project("{2150E333-8FDC-42A3-9474-1A3956D46DE8}") = ".nuget", ".nuget", "{DFA48E27-7D53-4955-A722-3D91A7119BE7}"
	ProjectSection(SolutionItems) = preProject
		.nuget\NuGet.Config = .nuget\NuGet.Config
		.nuget\NuGet.exe = .nuget\NuGet.exe
		.nuget\NuGet.targets = .nuget\NuGet.targets
	EndProjectSection
EndProject
Project("{FAE04EC0-301F-11D3-BF4B-00C04F79EFBC}") = "TicoPay.Core", "TicoPay.Core\TicoPay.Core.csproj", "{17298EA0-AF73-4F30-B6F1-2066100D7D74}"
EndProject
Project("{FAE04EC0-301F-11D3-BF4B-00C04F79EFBC}") = "TicoPay.Application", "TicoPay.Application\TicoPay.Application.csproj", "{EDF5D964-4C0F-4F19-B674-58A38A5E5401}"
EndProject
Project("{FAE04EC0-301F-11D3-BF4B-00C04F79EFBC}") = "TicoPay.EntityFramework", "TicoPay.EntityFramework\TicoPay.EntityFramework.csproj", "{3979F157-DEB0-4878-AB1D-4CEF6B5A1300}"
EndProject
Project("{FAE04EC0-301F-11D3-BF4B-00C04F79EFBC}") = "TicoPay.WebApi", "TicoPay.WebApi\TicoPay.WebApi.csproj", "{5EB52D3D-09FD-463A-B02A-8D9856BD3724}"
EndProject
Project("{2150E333-8FDC-42A3-9474-1A3956D46DE8}") = "Test", "Test", "{7E85C7E5-70BD-4C9D-B052-D95955F46609}"
EndProject
Project("{FAE04EC0-301F-11D3-BF4B-00C04F79EFBC}") = "TicoPay.Tests", "Tests\TicoPay.Tests\TicoPay.Tests.csproj", "{C602C47E-F379-40A3-A146-4F19105B3491}"
EndProject
Project("{2150E333-8FDC-42A3-9474-1A3956D46DE8}") = "Tools", "Tools", "{7408541C-F99C-4197-B203-136115BD1CB9}"
EndProject
Project("{FAE04EC0-301F-11D3-BF4B-00C04F79EFBC}") = "TicoPay.Migrator", "Tools\TicoPay.Migrator\TicoPay.Migrator.csproj", "{6F98C2F2-898A-421B-BE3D-68FE69EC0646}"
EndProject
Project("{2150E333-8FDC-42A3-9474-1A3956D46DE8}") = "Application", "Application", "{1D818260-8684-4FB1-9939-6980D06DE2E1}"
EndProject
Project("{2150E333-8FDC-42A3-9474-1A3956D46DE8}") = "Domain", "Domain", "{58013043-0C4D-430E-96EC-4C60BC38EFAE}"
EndProject
Project("{2150E333-8FDC-42A3-9474-1A3956D46DE8}") = "Infrastructure", "Infrastructure", "{D878E982-73AB-4F14-A35D-D62C855708D3}"
EndProject
Project("{2150E333-8FDC-42A3-9474-1A3956D46DE8}") = "WEB", "WEB", "{4DABF7DD-F6AB-4C20-853A-7A45131A7884}"
EndProject
Project("{2150E333-8FDC-42A3-9474-1A3956D46DE8}") = "BackgroundJobs", "BackgroundJobs", "{1F38CF7F-108C-4F63-B448-BFEB671DE520}"
EndProject
Project("{FAE04EC0-301F-11D3-BF4B-00C04F79EFBC}") = "TicoPay.BackgroundJobs", "TicoPay.BackgroundJobs\TicoPay.BackgroundJobs.csproj", "{95CEA8B7-166D-4AF4-91D2-D1AD3F7CC3B9}"
EndProject
Project("{FAE04EC0-301F-11D3-BF4B-00C04F79EFBC}") = "PdfGenerator", "PdfGenerator\PdfGenerator.csproj", "{B89185AD-AAF2-4F4A-AC6E-B504E19ACBC7}"
EndProject
Project("{CC5FD16D-436D-48AD-A40C-5A424C6E3E79}") = "TicoPayDeploy", "TicoPayDeploy\TicoPayDeploy.ccproj", "{E533DA4D-74FE-4752-B306-8E6B6B4A9E4E}"
EndProject
Project("{FAE04EC0-301F-11D3-BF4B-00C04F79EFBC}") = "SendMail", "SendMail\SendMail.csproj", "{DBD10EB6-6248-44C3-974C-E3706F78609D}"
EndProject
Project("{2150E333-8FDC-42A3-9474-1A3956D46DE8}") = "Sockect", "Sockect", "{6EF97197-A4D7-42C2-89EC-8B15F49494CE}"
EndProject
Project("{FAE04EC0-301F-11D3-BF4B-00C04F79EFBC}") = "TicoPay.Web", "TicoPay.Web\TicoPay.Web.csproj", "{404A6D3B-AA85-4E4C-AEEE-1E5026D5F135}"
EndProject
Project("{FAE04EC0-301F-11D3-BF4B-00C04F79EFBC}") = "TicoPay.Socket", "TicoPay.Socket\TicoPay.Socket.csproj", "{8706625C-56B6-403F-A789-6D31C0308CD5}"
EndProject
Project("{2150E333-8FDC-42A3-9474-1A3956D46DE8}") = "Library", "Library", "{321D4132-5068-450D-8B88-F9F9F1478BF1}"
EndProject
Project("{FAE04EC0-301F-11D3-BF4B-00C04F79EFBC}") = "Microsoft.Xades", "Library\Microsoft.Xades.csproj", "{B4ACD063-D954-4701-B34A-1B671B171102}"
EndProject
Project("{FAE04EC0-301F-11D3-BF4B-00C04F79EFBC}") = "FirmaXadesNet", "FirmaXadesNet\FirmaXadesNet.csproj", "{84B87815-DD45-4C60-B343-C11D45847BDF}"
EndProject
Project("{2150E333-8FDC-42A3-9474-1A3956D46DE8}") = "Integration", "Integration", "{BECCFDF3-8EA0-4290-8E4C-D42B31A118D2}"
EndProject
Project("{9A19103F-16F7-4668-BE54-9A1E7A4F7556}") = "TicoPayDll", "TicoPayDll\TicoPayDll.csproj", "{FDCDB7AB-5AB7-4347-8791-AB33F393C545}"
EndProject
Project("{FAE04EC0-301F-11D3-BF4B-00C04F79EFBC}") = "ConsoleSample", "ConsoleSample\ConsoleSample.csproj", "{623F330A-0409-43A8-966D-CE0C1A2DB811}"
	ProjectSection(ProjectDependencies) = postProject
		{FDCDB7AB-5AB7-4347-8791-AB33F393C545} = {FDCDB7AB-5AB7-4347-8791-AB33F393C545}
	EndProjectSection
EndProject
Project("{2150E333-8FDC-42A3-9474-1A3956D46DE8}") = "Signer", "Signer", "{6A81B25D-9326-4E40-8E69-9E71906077A4}"
EndProject
Project("{FAE04EC0-301F-11D3-BF4B-00C04F79EFBC}") = "FirmadorTicopay", "FirmadorTicopay\FirmadorTicopay.csproj", "{0A06FCCB-8C87-4A5D-B922-35136546D379}"
EndProject
Project("{54435603-DBB4-11D2-8724-00A0C9A8B90C}") = "Instalador Ticopay Firma", "Instalador Ticopay Firma\Instalador Ticopay Firma.vdproj", "{0FFF82D8-6081-4914-B4E1-6FF72F143EB3}"
EndProject
Project("{FAE04EC0-301F-11D3-BF4B-00C04F79EFBC}") = "BCR", "BCR\BCR.csproj", "{2F8300AF-6077-4B75-A20B-50C496D91D62}"
EndProject
Project("{FAE04EC0-301F-11D3-BF4B-00C04F79EFBC}") = "TicopayUniversalConnectorService", "TicopayUniversalConnectorService\TicopayUniversalConnectorService.csproj", "{C37CB1E1-B3BE-45FB-B136-9AF0B0F94ADD}"
EndProject
Project("{FAE04EC0-301F-11D3-BF4B-00C04F79EFBC}") = "TicopayUniversalConsole", "TicopayUniversalConsole\TicopayUniversalConsole.csproj", "{FC67D88F-A02A-4C8E-B7F9-E375A3FE62D0}"
EndProject
Project("{54435603-DBB4-11D2-8724-00A0C9A8B90C}") = "InstaladorUniversalConsole", "InstaladorUniversalConsole\InstaladorUniversalConsole.vdproj", "{4B272A98-E4F5-4C3B-A036-982D4CDAC1EE}"
EndProject
Project("{54435603-DBB4-11D2-8724-00A0C9A8B90C}") = "InstaladorUniversalService", "InstaladorUniversalService\InstaladorUniversalService.vdproj", "{33B49ADA-92DF-48B7-97E9-69F3294F0BC6}"
EndProject
Project("{FAE04EC0-301F-11D3-BF4B-00C04F79EFBC}") = "UniversalTrayApp", "UniversalTrayApp\UniversalTrayApp.csproj", "{EFE4E5CF-3825-4968-AF24-205130E2B0DD}"
EndProject
Project("{54435603-DBB4-11D2-8724-00A0C9A8B90C}") = "InstaladorUniversalTrayApp", "InstaladorUniversalTrayApp\InstaladorUniversalTrayApp.vdproj", "{68EA9AC9-FCED-4888-AA82-C1AEED43494A}"
EndProject
Project("{2150E333-8FDC-42A3-9474-1A3956D46DE8}") = "UnitTest", "UnitTest", "{7759D25C-6C65-4597-8BEB-F5DF2F89CD3C}"
EndProject
Project("{FAE04EC0-301F-11D3-BF4B-00C04F79EFBC}") = "UnitTestProject1", "UnitTestProject1\UnitTestProject1.csproj", "{C13AB0CC-C92B-4FC5-B138-796888631034}"
EndProject
Project("{FAE04EC0-301F-11D3-BF4B-00C04F79EFBC}") = "HerramientasConector", "HerramientasConector\HerramientasConector.csproj", "{85E440F0-6EDF-4215-80EC-C7B05D6578C8}"
EndProject
Global
	GlobalSection(SolutionConfigurationPlatforms) = preSolution
		Debug|Any CPU = Debug|Any CPU
		Release|Any CPU = Release|Any CPU
	EndGlobalSection
	GlobalSection(ProjectConfigurationPlatforms) = postSolution
		{17298EA0-AF73-4F30-B6F1-2066100D7D74}.Debug|Any CPU.ActiveCfg = Debug|Any CPU
		{17298EA0-AF73-4F30-B6F1-2066100D7D74}.Debug|Any CPU.Build.0 = Debug|Any CPU
		{17298EA0-AF73-4F30-B6F1-2066100D7D74}.Release|Any CPU.ActiveCfg = Release|Any CPU
		{17298EA0-AF73-4F30-B6F1-2066100D7D74}.Release|Any CPU.Build.0 = Release|Any CPU
		{EDF5D964-4C0F-4F19-B674-58A38A5E5401}.Debug|Any CPU.ActiveCfg = Debug|Any CPU
		{EDF5D964-4C0F-4F19-B674-58A38A5E5401}.Debug|Any CPU.Build.0 = Debug|Any CPU
		{EDF5D964-4C0F-4F19-B674-58A38A5E5401}.Release|Any CPU.ActiveCfg = Release|Any CPU
		{EDF5D964-4C0F-4F19-B674-58A38A5E5401}.Release|Any CPU.Build.0 = Release|Any CPU
		{3979F157-DEB0-4878-AB1D-4CEF6B5A1300}.Debug|Any CPU.ActiveCfg = Debug|Any CPU
		{3979F157-DEB0-4878-AB1D-4CEF6B5A1300}.Debug|Any CPU.Build.0 = Debug|Any CPU
		{3979F157-DEB0-4878-AB1D-4CEF6B5A1300}.Release|Any CPU.ActiveCfg = Release|Any CPU
		{3979F157-DEB0-4878-AB1D-4CEF6B5A1300}.Release|Any CPU.Build.0 = Release|Any CPU
		{5EB52D3D-09FD-463A-B02A-8D9856BD3724}.Debug|Any CPU.ActiveCfg = Debug|Any CPU
		{5EB52D3D-09FD-463A-B02A-8D9856BD3724}.Debug|Any CPU.Build.0 = Debug|Any CPU
		{5EB52D3D-09FD-463A-B02A-8D9856BD3724}.Release|Any CPU.ActiveCfg = Release|Any CPU
		{5EB52D3D-09FD-463A-B02A-8D9856BD3724}.Release|Any CPU.Build.0 = Release|Any CPU
		{C602C47E-F379-40A3-A146-4F19105B3491}.Debug|Any CPU.ActiveCfg = Debug|Any CPU
		{C602C47E-F379-40A3-A146-4F19105B3491}.Debug|Any CPU.Build.0 = Debug|Any CPU
		{C602C47E-F379-40A3-A146-4F19105B3491}.Release|Any CPU.ActiveCfg = Release|Any CPU
		{C602C47E-F379-40A3-A146-4F19105B3491}.Release|Any CPU.Build.0 = Release|Any CPU
		{6F98C2F2-898A-421B-BE3D-68FE69EC0646}.Debug|Any CPU.ActiveCfg = Debug|Any CPU
		{6F98C2F2-898A-421B-BE3D-68FE69EC0646}.Debug|Any CPU.Build.0 = Debug|Any CPU
		{6F98C2F2-898A-421B-BE3D-68FE69EC0646}.Release|Any CPU.ActiveCfg = Release|Any CPU
		{6F98C2F2-898A-421B-BE3D-68FE69EC0646}.Release|Any CPU.Build.0 = Release|Any CPU
		{95CEA8B7-166D-4AF4-91D2-D1AD3F7CC3B9}.Debug|Any CPU.ActiveCfg = Debug|Any CPU
		{95CEA8B7-166D-4AF4-91D2-D1AD3F7CC3B9}.Debug|Any CPU.Build.0 = Debug|Any CPU
		{95CEA8B7-166D-4AF4-91D2-D1AD3F7CC3B9}.Release|Any CPU.ActiveCfg = Release|Any CPU
		{95CEA8B7-166D-4AF4-91D2-D1AD3F7CC3B9}.Release|Any CPU.Build.0 = Release|Any CPU
		{B89185AD-AAF2-4F4A-AC6E-B504E19ACBC7}.Debug|Any CPU.ActiveCfg = Debug|Any CPU
		{B89185AD-AAF2-4F4A-AC6E-B504E19ACBC7}.Debug|Any CPU.Build.0 = Debug|Any CPU
		{B89185AD-AAF2-4F4A-AC6E-B504E19ACBC7}.Release|Any CPU.ActiveCfg = Release|Any CPU
		{B89185AD-AAF2-4F4A-AC6E-B504E19ACBC7}.Release|Any CPU.Build.0 = Release|Any CPU
		{E533DA4D-74FE-4752-B306-8E6B6B4A9E4E}.Debug|Any CPU.ActiveCfg = Debug|Any CPU
		{E533DA4D-74FE-4752-B306-8E6B6B4A9E4E}.Debug|Any CPU.Build.0 = Debug|Any CPU
		{E533DA4D-74FE-4752-B306-8E6B6B4A9E4E}.Release|Any CPU.ActiveCfg = Release|Any CPU
		{E533DA4D-74FE-4752-B306-8E6B6B4A9E4E}.Release|Any CPU.Build.0 = Release|Any CPU
		{DBD10EB6-6248-44C3-974C-E3706F78609D}.Debug|Any CPU.ActiveCfg = Debug|Any CPU
		{DBD10EB6-6248-44C3-974C-E3706F78609D}.Debug|Any CPU.Build.0 = Debug|Any CPU
		{DBD10EB6-6248-44C3-974C-E3706F78609D}.Release|Any CPU.ActiveCfg = Release|Any CPU
		{DBD10EB6-6248-44C3-974C-E3706F78609D}.Release|Any CPU.Build.0 = Release|Any CPU
		{404A6D3B-AA85-4E4C-AEEE-1E5026D5F135}.Debug|Any CPU.ActiveCfg = Debug|Any CPU
		{404A6D3B-AA85-4E4C-AEEE-1E5026D5F135}.Debug|Any CPU.Build.0 = Debug|Any CPU
		{404A6D3B-AA85-4E4C-AEEE-1E5026D5F135}.Release|Any CPU.ActiveCfg = Release|Any CPU
		{404A6D3B-AA85-4E4C-AEEE-1E5026D5F135}.Release|Any CPU.Build.0 = Release|Any CPU
		{8706625C-56B6-403F-A789-6D31C0308CD5}.Debug|Any CPU.ActiveCfg = Debug|Any CPU
		{8706625C-56B6-403F-A789-6D31C0308CD5}.Debug|Any CPU.Build.0 = Debug|Any CPU
		{8706625C-56B6-403F-A789-6D31C0308CD5}.Release|Any CPU.ActiveCfg = Release|Any CPU
		{8706625C-56B6-403F-A789-6D31C0308CD5}.Release|Any CPU.Build.0 = Release|Any CPU
		{B4ACD063-D954-4701-B34A-1B671B171102}.Debug|Any CPU.ActiveCfg = Debug|Any CPU
		{B4ACD063-D954-4701-B34A-1B671B171102}.Debug|Any CPU.Build.0 = Debug|Any CPU
		{B4ACD063-D954-4701-B34A-1B671B171102}.Release|Any CPU.ActiveCfg = Release|Any CPU
		{B4ACD063-D954-4701-B34A-1B671B171102}.Release|Any CPU.Build.0 = Release|Any CPU
		{84B87815-DD45-4C60-B343-C11D45847BDF}.Debug|Any CPU.ActiveCfg = Debug|Any CPU
		{84B87815-DD45-4C60-B343-C11D45847BDF}.Debug|Any CPU.Build.0 = Debug|Any CPU
		{84B87815-DD45-4C60-B343-C11D45847BDF}.Release|Any CPU.ActiveCfg = Release|Any CPU
		{84B87815-DD45-4C60-B343-C11D45847BDF}.Release|Any CPU.Build.0 = Release|Any CPU
		{FDCDB7AB-5AB7-4347-8791-AB33F393C545}.Debug|Any CPU.ActiveCfg = Debug|Any CPU
		{FDCDB7AB-5AB7-4347-8791-AB33F393C545}.Debug|Any CPU.Build.0 = Debug|Any CPU
		{FDCDB7AB-5AB7-4347-8791-AB33F393C545}.Release|Any CPU.ActiveCfg = Release|Any CPU
		{FDCDB7AB-5AB7-4347-8791-AB33F393C545}.Release|Any CPU.Build.0 = Release|Any CPU
		{623F330A-0409-43A8-966D-CE0C1A2DB811}.Debug|Any CPU.ActiveCfg = Debug|Any CPU
		{623F330A-0409-43A8-966D-CE0C1A2DB811}.Debug|Any CPU.Build.0 = Debug|Any CPU
		{623F330A-0409-43A8-966D-CE0C1A2DB811}.Release|Any CPU.ActiveCfg = Release|Any CPU
		{623F330A-0409-43A8-966D-CE0C1A2DB811}.Release|Any CPU.Build.0 = Release|Any CPU
		{0A06FCCB-8C87-4A5D-B922-35136546D379}.Debug|Any CPU.ActiveCfg = Debug|Any CPU
		{0A06FCCB-8C87-4A5D-B922-35136546D379}.Debug|Any CPU.Build.0 = Debug|Any CPU
		{0A06FCCB-8C87-4A5D-B922-35136546D379}.Release|Any CPU.ActiveCfg = Release|Any CPU
		{0A06FCCB-8C87-4A5D-B922-35136546D379}.Release|Any CPU.Build.0 = Release|Any CPU
		{0FFF82D8-6081-4914-B4E1-6FF72F143EB3}.Debug|Any CPU.ActiveCfg = Debug
		{0FFF82D8-6081-4914-B4E1-6FF72F143EB3}.Release|Any CPU.ActiveCfg = Release
		{2F8300AF-6077-4B75-A20B-50C496D91D62}.Debug|Any CPU.ActiveCfg = Debug|Any CPU
		{2F8300AF-6077-4B75-A20B-50C496D91D62}.Debug|Any CPU.Build.0 = Debug|Any CPU
		{2F8300AF-6077-4B75-A20B-50C496D91D62}.Release|Any CPU.ActiveCfg = Release|Any CPU
		{2F8300AF-6077-4B75-A20B-50C496D91D62}.Release|Any CPU.Build.0 = Release|Any CPU
		{C37CB1E1-B3BE-45FB-B136-9AF0B0F94ADD}.Debug|Any CPU.ActiveCfg = Debug|Any CPU
		{C37CB1E1-B3BE-45FB-B136-9AF0B0F94ADD}.Debug|Any CPU.Build.0 = Debug|Any CPU
		{C37CB1E1-B3BE-45FB-B136-9AF0B0F94ADD}.Release|Any CPU.ActiveCfg = Release|Any CPU
		{C37CB1E1-B3BE-45FB-B136-9AF0B0F94ADD}.Release|Any CPU.Build.0 = Release|Any CPU
		{FC67D88F-A02A-4C8E-B7F9-E375A3FE62D0}.Debug|Any CPU.ActiveCfg = Debug|Any CPU
		{FC67D88F-A02A-4C8E-B7F9-E375A3FE62D0}.Debug|Any CPU.Build.0 = Debug|Any CPU
		{FC67D88F-A02A-4C8E-B7F9-E375A3FE62D0}.Release|Any CPU.ActiveCfg = Release|Any CPU
		{FC67D88F-A02A-4C8E-B7F9-E375A3FE62D0}.Release|Any CPU.Build.0 = Release|Any CPU
		{4B272A98-E4F5-4C3B-A036-982D4CDAC1EE}.Debug|Any CPU.ActiveCfg = Debug
		{4B272A98-E4F5-4C3B-A036-982D4CDAC1EE}.Release|Any CPU.ActiveCfg = Release
		{33B49ADA-92DF-48B7-97E9-69F3294F0BC6}.Debug|Any CPU.ActiveCfg = Debug
		{33B49ADA-92DF-48B7-97E9-69F3294F0BC6}.Release|Any CPU.ActiveCfg = Release
		{EFE4E5CF-3825-4968-AF24-205130E2B0DD}.Debug|Any CPU.ActiveCfg = Debug|Any CPU
		{EFE4E5CF-3825-4968-AF24-205130E2B0DD}.Debug|Any CPU.Build.0 = Debug|Any CPU
		{EFE4E5CF-3825-4968-AF24-205130E2B0DD}.Release|Any CPU.ActiveCfg = Release|Any CPU
		{EFE4E5CF-3825-4968-AF24-205130E2B0DD}.Release|Any CPU.Build.0 = Release|Any CPU
		{68EA9AC9-FCED-4888-AA82-C1AEED43494A}.Debug|Any CPU.ActiveCfg = Debug
		{68EA9AC9-FCED-4888-AA82-C1AEED43494A}.Release|Any CPU.ActiveCfg = Release
		{C13AB0CC-C92B-4FC5-B138-796888631034}.Debug|Any CPU.ActiveCfg = Debug|Any CPU
		{C13AB0CC-C92B-4FC5-B138-796888631034}.Debug|Any CPU.Build.0 = Debug|Any CPU
		{C13AB0CC-C92B-4FC5-B138-796888631034}.Release|Any CPU.ActiveCfg = Release|Any CPU
		{C13AB0CC-C92B-4FC5-B138-796888631034}.Release|Any CPU.Build.0 = Release|Any CPU
		{85E440F0-6EDF-4215-80EC-C7B05D6578C8}.Debug|Any CPU.ActiveCfg = Debug|Any CPU
		{85E440F0-6EDF-4215-80EC-C7B05D6578C8}.Debug|Any CPU.Build.0 = Debug|Any CPU
		{85E440F0-6EDF-4215-80EC-C7B05D6578C8}.Release|Any CPU.ActiveCfg = Release|Any CPU
		{85E440F0-6EDF-4215-80EC-C7B05D6578C8}.Release|Any CPU.Build.0 = Release|Any CPU
	EndGlobalSection
	GlobalSection(SolutionProperties) = preSolution
		HideSolutionNode = FALSE
	EndGlobalSection
	GlobalSection(NestedProjects) = preSolution
		{17298EA0-AF73-4F30-B6F1-2066100D7D74} = {58013043-0C4D-430E-96EC-4C60BC38EFAE}
		{EDF5D964-4C0F-4F19-B674-58A38A5E5401} = {1D818260-8684-4FB1-9939-6980D06DE2E1}
		{3979F157-DEB0-4878-AB1D-4CEF6B5A1300} = {D878E982-73AB-4F14-A35D-D62C855708D3}
		{5EB52D3D-09FD-463A-B02A-8D9856BD3724} = {4DABF7DD-F6AB-4C20-853A-7A45131A7884}
		{7E85C7E5-70BD-4C9D-B052-D95955F46609} = {321D4132-5068-450D-8B88-F9F9F1478BF1}
		{C602C47E-F379-40A3-A146-4F19105B3491} = {7E85C7E5-70BD-4C9D-B052-D95955F46609}
		{7408541C-F99C-4197-B203-136115BD1CB9} = {6EF97197-A4D7-42C2-89EC-8B15F49494CE}
		{6F98C2F2-898A-421B-BE3D-68FE69EC0646} = {7408541C-F99C-4197-B203-136115BD1CB9}
		{95CEA8B7-166D-4AF4-91D2-D1AD3F7CC3B9} = {1F38CF7F-108C-4F63-B448-BFEB671DE520}
		{B89185AD-AAF2-4F4A-AC6E-B504E19ACBC7} = {D878E982-73AB-4F14-A35D-D62C855708D3}
		{E533DA4D-74FE-4752-B306-8E6B6B4A9E4E} = {4DABF7DD-F6AB-4C20-853A-7A45131A7884}
		{DBD10EB6-6248-44C3-974C-E3706F78609D} = {D878E982-73AB-4F14-A35D-D62C855708D3}
		{404A6D3B-AA85-4E4C-AEEE-1E5026D5F135} = {4DABF7DD-F6AB-4C20-853A-7A45131A7884}
		{8706625C-56B6-403F-A789-6D31C0308CD5} = {6EF97197-A4D7-42C2-89EC-8B15F49494CE}
		{B4ACD063-D954-4701-B34A-1B671B171102} = {321D4132-5068-450D-8B88-F9F9F1478BF1}
		{84B87815-DD45-4C60-B343-C11D45847BDF} = {D878E982-73AB-4F14-A35D-D62C855708D3}
		{FDCDB7AB-5AB7-4347-8791-AB33F393C545} = {BECCFDF3-8EA0-4290-8E4C-D42B31A118D2}
		{623F330A-0409-43A8-966D-CE0C1A2DB811} = {BECCFDF3-8EA0-4290-8E4C-D42B31A118D2}
		{0A06FCCB-8C87-4A5D-B922-35136546D379} = {6A81B25D-9326-4E40-8E69-9E71906077A4}
		{0FFF82D8-6081-4914-B4E1-6FF72F143EB3} = {6A81B25D-9326-4E40-8E69-9E71906077A4}
		{2F8300AF-6077-4B75-A20B-50C496D91D62} = {D878E982-73AB-4F14-A35D-D62C855708D3}
		{C37CB1E1-B3BE-45FB-B136-9AF0B0F94ADD} = {BECCFDF3-8EA0-4290-8E4C-D42B31A118D2}
		{FC67D88F-A02A-4C8E-B7F9-E375A3FE62D0} = {BECCFDF3-8EA0-4290-8E4C-D42B31A118D2}
		{4B272A98-E4F5-4C3B-A036-982D4CDAC1EE} = {BECCFDF3-8EA0-4290-8E4C-D42B31A118D2}
		{33B49ADA-92DF-48B7-97E9-69F3294F0BC6} = {BECCFDF3-8EA0-4290-8E4C-D42B31A118D2}
		{EFE4E5CF-3825-4968-AF24-205130E2B0DD} = {BECCFDF3-8EA0-4290-8E4C-D42B31A118D2}
		{68EA9AC9-FCED-4888-AA82-C1AEED43494A} = {BECCFDF3-8EA0-4290-8E4C-D42B31A118D2}
		{C13AB0CC-C92B-4FC5-B138-796888631034} = {7759D25C-6C65-4597-8BEB-F5DF2F89CD3C}
		{85E440F0-6EDF-4215-80EC-C7B05D6578C8} = {BECCFDF3-8EA0-4290-8E4C-D42B31A118D2}
	EndGlobalSection
	GlobalSection(ExtensibilityGlobals) = postSolution
		SolutionGuid = {C9FF47A6-83C4-4F6C-B1EC-B6F8E0DEFD91}
	EndGlobalSection
EndGlobal
